
Microsoft Visual Studio Solution File, Format Version 12.00
# Visual Studio 14
VisualStudioVersion = 14.0.23107.0
MinimumVisualStudioVersion = 10.0.40219.1
Project("{FAE04EC0-301F-11D3-BF4B-00C04F79EFBC}") = "Savage", "Savage\Savage.csproj", "{A900CB9A-A069-4E0E-9CF8-3D016329723C}"
EndProject
Project("{FAE04EC0-301F-11D3-BF4B-00C04F79EFBC}") = "SavageCore", "SavageCore\SavageCore.csproj", "{6721EFFA-8D4A-41D2-8D9C-8569F2D80E22}"
EndProject
Project("{FAE04EC0-301F-11D3-BF4B-00C04F79EFBC}") = "SVGCore", "SVGCore\SVGCore.csproj", "{A2947DA9-0887-4F00-BDCF-66A7D19EF966}"
EndProject
Global
	GlobalSection(SolutionConfigurationPlatforms) = preSolution
		Debug|Any CPU = Debug|Any CPU
		Release|Any CPU = Release|Any CPU
	EndGlobalSection
	GlobalSection(ProjectConfigurationPlatforms) = postSolution
		{A900CB9A-A069-4E0E-9CF8-3D016329723C}.Debug|Any CPU.ActiveCfg = Debug|Any CPU
		{A900CB9A-A069-4E0E-9CF8-3D016329723C}.Debug|Any CPU.Build.0 = Debug|Any CPU
		{A900CB9A-A069-4E0E-9CF8-3D016329723C}.Release|Any CPU.ActiveCfg = Release|Any CPU
		{A900CB9A-A069-4E0E-9CF8-3D016329723C}.Release|Any CPU.Build.0 = Release|Any CPU
		{6721EFFA-8D4A-41D2-8D9C-8569F2D80E22}.Debug|Any CPU.ActiveCfg = Debug|Any CPU
		{6721EFFA-8D4A-41D2-8D9C-8569F2D80E22}.Debug|Any CPU.Build.0 = Debug|Any CPU
		{6721EFFA-8D4A-41D2-8D9C-8569F2D80E22}.Release|Any CPU.ActiveCfg = Release|Any CPU
		{6721EFFA-8D4A-41D2-8D9C-8569F2D80E22}.Release|Any CPU.Build.0 = Release|Any CPU
		{A2947DA9-0887-4F00-BDCF-66A7D19EF966}.Debug|Any CPU.ActiveCfg = Debug|Any CPU
		{A2947DA9-0887-4F00-BDCF-66A7D19EF966}.Debug|Any CPU.Build.0 = Debug|Any CPU
		{A2947DA9-0887-4F00-BDCF-66A7D19EF966}.Release|Any CPU.ActiveCfg = Release|Any CPU
		{A2947DA9-0887-4F00-BDCF-66A7D19EF966}.Release|Any CPU.Build.0 = Release|Any CPU
	EndGlobalSection
	GlobalSection(SolutionProperties) = preSolution
		HideSolutionNode = FALSE
	EndGlobalSection
EndGlobal
